
Microsoft Visual Studio Solution File, Format Version 12.00
# Visual Studio Version 16
VisualStudioVersion = 16.0.31729.503
MinimumVisualStudioVersion = 10.0.40219.1
Project("{FAE04EC0-301F-11D3-BF4B-00C04F79EFBC}") = "StoreServer", "StoreServer.csproj", "{8B198C04-CC87-4191-848A-2B23E3160F51}"
EndProject
Global
	GlobalSection(SolutionConfigurationPlatforms) = preSolution
		Debug|Any CPU = Debug|Any CPU
		Release|Any CPU = Release|Any CPU
	EndGlobalSection
	GlobalSection(ProjectConfigurationPlatforms) = postSolution
		{8B198C04-CC87-4191-848A-2B23E3160F51}.Debug|Any CPU.ActiveCfg = Debug|Any CPU
		{8B198C04-CC87-4191-848A-2B23E3160F51}.Debug|Any CPU.Build.0 = Debug|Any CPU
		{8B198C04-CC87-4191-848A-2B23E3160F51}.Release|Any CPU.ActiveCfg = Release|Any CPU
		{8B198C04-CC87-4191-848A-2B23E3160F51}.Release|Any CPU.Build.0 = Release|Any CPU
	EndGlobalSection
	GlobalSection(SolutionProperties) = preSolution
		HideSolutionNode = FALSE
	EndGlobalSection
	GlobalSection(ExtensibilityGlobals) = postSolution
		SolutionGuid = {F7F70381-2333-4D23-B41D-3E4CE1A810DE}
	EndGlobalSection
EndGlobal
